# THIS IS AN AUTOGENERATED FILE. DO NOT EDIT THIS FILE DIRECTLY.
# yarn lockfile v1


"@vue/composition-api@^1.4.9":
  version "1.4.9"
  resolved "https://registry.yarnpkg.com/@vue/composition-api/-/composition-api-1.4.9.tgz#6fa65284f545887b52d421f23b4fa1c41bc0ad4b"
  integrity sha512-l6YOeg5LEXmfPqyxAnBaCv1FMRw0OGKJ4m6nOWRm6ngt5TuHcj5ZoBRN+LXh3J0u6Ur3C4VA+RiKT+M0eItr/g==
